
Microsoft Visual Studio Solution File, Format Version 12.00
# Visual Studio Version 16
VisualStudioVersion = 16.0.29905.134
MinimumVisualStudioVersion = 10.0.40219.1
Project("{FAE04EC0-301F-11D3-BF4B-00C04F79EFBC}") = "ReactiveUI871", "ReactiveUI871\ReactiveUI871.csproj", "{599998D0-F062-4AD3-9BF6-7F2429DBDA8C}"
EndProject
Global
	GlobalSection(SolutionConfigurationPlatforms) = preSolution
		Debug|Any CPU = Debug|Any CPU
		Release|Any CPU = Release|Any CPU
	EndGlobalSection
	GlobalSection(ProjectConfigurationPlatforms) = postSolution
		{599998D0-F062-4AD3-9BF6-7F2429DBDA8C}.Debug|Any CPU.ActiveCfg = Debug|Any CPU
		{599998D0-F062-4AD3-9BF6-7F2429DBDA8C}.Debug|Any CPU.Build.0 = Debug|Any CPU
		{599998D0-F062-4AD3-9BF6-7F2429DBDA8C}.Release|Any CPU.ActiveCfg = Release|Any CPU
		{599998D0-F062-4AD3-9BF6-7F2429DBDA8C}.Release|Any CPU.Build.0 = Release|Any CPU
	EndGlobalSection
	GlobalSection(SolutionProperties) = preSolution
		HideSolutionNode = FALSE
	EndGlobalSection
	GlobalSection(ExtensibilityGlobals) = postSolution
		SolutionGuid = {433FEF1D-3CF2-491F-A85C-3A1C927B3437}
	EndGlobalSection
EndGlobal
